<?xml version="1.0" encoding="utf-8"?>
<Project ToolsVersion="4.0" xmlns="http://schemas.microsoft.com/developer/msbuild/2003">
  <ItemGroup>
    <Filter Include="Исходные файлы">
      <UniqueIdentifier>{4FC737F1-C7A5-4376-A066-2A32D752A2FF}</UniqueIdentifier>
      <Extensions>cpp;c;cc;cxx;c++;cppm;ixx;def;odl;idl;hpj;bat;asm;asmx</Extensions>
    </Filter>
    <Filter Include="Файлы заголовков">
      <UniqueIdentifier>{93995380-89BD-4b04-88EB-625FBE52EBFB}</UniqueIdentifier>
      <Extensions>h;hh;hpp;hxx;h++;hm;inl;inc;ipp;xsd</Extensions>
    </Filter>
    <Filter Include="Файлы ресурсов">
      <UniqueIdentifier>{67DA6AB6-F800-4c08-8B7A-83BB121AAD01}</UniqueIdentifier>
      <Extensions>rc;ico;cur;bmp;dlg;rc2;rct;bin;rgs;gif;jpg;jpeg;jpe;resx;tiff;tif;png;wav;mfcribbon-ms</Extensions>
    </Filter>
    <Filter Include="Исходные файлы\Hello">
      <UniqueIdentifier>{a8dca3d5-b7bd-4c76-abbc-c11027a537d7}</UniqueIdentifier>
    </Filter>
    <Filter Include="Исходные файлы\Main">
      <UniqueIdentifier>{e48a8bc8-5e6f-42fd-a085-76feabb9d00f}</UniqueIdentifier>
    </Filter>
    <Filter Include="Исходные файлы\Generate Secret Number">
      <UniqueIdentifier>{bc1e4f2d-b1b4-4def-81d1-d55086d3445e}</UniqueIdentifier>
    </Filter>
    <Filter Include="Исходные файлы\Input number">
      <UniqueIdentifier>{8af7afd0-4f81-43c2-8307-a73e3732dac3}</UniqueIdentifier>
    </Filter>
    <Filter Include="Исходные файлы\Game logic">
      <UniqueIdentifier>{73265556-b164-4071-8261-454ed05abbc9}</UniqueIdentifier>
    </Filter>
    <Filter Include="Исходные файлы\Money Paid">
      <UniqueIdentifier>{b204e311-8994-4aa7-9807-bcbd78412524}</UniqueIdentifier>
    </Filter>
    <Filter Include="Исходные файлы\Game_End">
      <UniqueIdentifier>{68d083c4-1e24-493e-a386-70ae3e3f022f}</UniqueIdentifier>
    </Filter>
    <Filter Include="Исходные файлы\one_game_circle">
      <UniqueIdentifier>{7fbe4a78-2940-4478-a4ea-da432f6f6e41}</UniqueIdentifier>
    </Filter>
    <Filter Include="Исходные файлы\Main_circle">
      <UniqueIdentifier>{f38252e0-4527-4c4f-863b-6cebd88bf33f}</UniqueIdentifier>
    </Filter>
  </ItemGroup>
  <ItemGroup>
    <ClCompile Include="Hello.cpp">
      <Filter>Исходные файлы\Hello</Filter>
    </ClCompile>
    <ClCompile Include="Main.cpp">
      <Filter>Исходные файлы\Main</Filter>
    </ClCompile>
    <ClCompile Include="Gen secret number.cpp">
      <Filter>Исходные файлы\Generate Secret Number</Filter>
    </ClCompile>
    <ClCompile Include="Input number.cpp">
      <Filter>Исходные файлы\Input number</Filter>
    </ClCompile>
    <ClCompile Include="Game logic.cpp">
      <Filter>Исходные файлы\Game logic</Filter>
    </ClCompile>
    <ClCompile Include="Money Paid.cpp">
      <Filter>Исходные файлы\Money Paid</Filter>
    </ClCompile>
    <ClCompile Include="Game_End.cpp">
      <Filter>Исходные файлы\Game_End</Filter>
    </ClCompile>
    <ClCompile Include="one_game_circle.cpp">
      <Filter>Исходные файлы\one_game_circle</Filter>
    </ClCompile>
    <ClCompile Include="main_circle.cpp">
      <Filter>Исходные файлы\Main_circle</Filter>
    </ClCompile>
  </ItemGroup>
  <ItemGroup>
    <ClInclude Include="Hello.h">
      <Filter>Исходные файлы\Hello</Filter>
    </ClInclude>
    <ClInclude Include="Main.h">
      <Filter>Исходные файлы\Main</Filter>
    </ClInclude>
    <ClInclude Include="Gen secret number.h">
      <Filter>Исходные файлы\Generate Secret Number</Filter>
    </ClInclude>
    <ClInclude Include="Input number.h">
      <Filter>Исходные файлы\Input number</Filter>
    </ClInclude>
    <ClInclude Include="Game logic.h">
      <Filter>Исходные файлы\Game logic</Filter>
    </ClInclude>
    <ClInclude Include="Money Paid.h">
      <Filter>Исходные файлы\Money Paid</Filter>
    </ClInclude>
    <ClInclude Include="Game_End.h">
      <Filter>Исходные файлы\Game_End</Filter>
    </ClInclude>
    <ClInclude Include="one_game_circle.h">
      <Filter>Исходные файлы\one_game_circle</Filter>
    </ClInclude>
    <ClInclude Include="main_circle.h">
      <Filter>Исходные файлы\Main_circle</Filter>
    </ClInclude>
  </ItemGroup>
</Project>